
Microsoft Visual Studio Solution File, Format Version 12.00
Project("{FAE04EC0-301F-11D3-BF4B-00C04F79EFBC}") = "CityInfo.API", "CityInfo.API\CityInfo.API.csproj", "{ED190CE9-329E-4386-88D4-8CDEC59855AB}"
EndProject
Global
	GlobalSection(SolutionConfigurationPlatforms) = preSolution
		Debug|Any CPU = Debug|Any CPU
		Release|Any CPU = Release|Any CPU
	EndGlobalSection
	GlobalSection(ProjectConfigurationPlatforms) = postSolution
		{ED190CE9-329E-4386-88D4-8CDEC59855AB}.Debug|Any CPU.ActiveCfg = Debug|Any CPU
		{ED190CE9-329E-4386-88D4-8CDEC59855AB}.Debug|Any CPU.Build.0 = Debug|Any CPU
		{ED190CE9-329E-4386-88D4-8CDEC59855AB}.Release|Any CPU.ActiveCfg = Release|Any CPU
		{ED190CE9-329E-4386-88D4-8CDEC59855AB}.Release|Any CPU.Build.0 = Release|Any CPU
	EndGlobalSection
EndGlobal
